{
  "name": "dormitory",
  "lockfileVersion": 3,
  "requires": true,
  "packages": {
    "": {
      "dependencies": {
        "@fontsource/sarabun": "^5.2.5"
      }
    },
    "node_modules/@fontsource/sarabun": {
      "version": "5.2.5",
      "resolved": "https://registry.npmjs.org/@fontsource/sarabun/-/sarabun-5.2.5.tgz",
      "integrity": "sha512-jMU+3KTAqaad6qncX19Y4+5ZnczVo05YciUER21AUJ2J5igUvpyN66yQl7UDRInjF7XXRjmQpxnZm3dmcZR0Bw==",
      "license": "OFL-1.1",
      "funding": {
        "url": "https://github.com/sponsors/ayuhito"
      }
    }
  }
}
